// !$*UTF8*$!
{
	archiveVersion = 1;
	classes = {
	};
	objectVersion = 46;
	objects = {

/* Begin PBXBuildFile section */
		1D913F55BEB4CF23A9FEC6A4 /* Pods_Labb1Swift.framework in Frameworks */ = {isa = PBXBuildFile; fileRef = 962BFDDF6D0609BA1F0C7178 /* Pods_Labb1Swift.framework */; };
		A117FAD91E5B376D00FC31B5 /* ResultTableController.swift in Sources */ = {isa = PBXBuildFile; fileRef = A117FAD81E5B376D00FC31B5 /* ResultTableController.swift */; };
		A13B56841E6C2B5D00974644 /* PhotoViewController.swift in Sources */ = {isa = PBXBuildFile; fileRef = A13B56831E6C2B5D00974644 /* PhotoViewController.swift */; };
		A162B5101E69797D00BA5973 /* CompareViewController.swift in Sources */ = {isa = PBXBuildFile; fileRef = A162B50F1E69797D00BA5973 /* CompareViewController.swift */; };
		A162B5141E697D5000BA5973 /* JSONHelper.swift in Sources */ = {isa = PBXBuildFile; fileRef = A162B5131E697D5000BA5973 /* JSONHelper.swift */; };
		A16FDF1C1E6B790C00CFCAB2 /* FoodFull.swift in Sources */ = {isa = PBXBuildFile; fileRef = A16FDF1B1E6B790C00CFCAB2 /* FoodFull.swift */; };
		A16FDF221E6B7CE400CFCAB2 /* GraphFoodFormatter.swift in Sources */ = {isa = PBXBuildFile; fileRef = A16FDF211E6B7CE400CFCAB2 /* GraphFoodFormatter.swift */; };
		A1F23A131E65AB96000DEB3F /* FavouritesTableViewController.swift in Sources */ = {isa = PBXBuildFile; fileRef = A1F23A121E65AB96000DEB3F /* FavouritesTableViewController.swift */; };
		A1F3C2621E5C4F3200225F63 /* Food.swift in Sources */ = {isa = PBXBuildFile; fileRef = A1F3C2611E5C4F3200225F63 /* Food.swift */; };
		A1F3C2641E5C7BE400225F63 /* FoodTableViewCell.swift in Sources */ = {isa = PBXBuildFile; fileRef = A1F3C2631E5C7BE400225F63 /* FoodTableViewCell.swift */; };
		A1F409791E55A4940059B4F6 /* AppDelegate.swift in Sources */ = {isa = PBXBuildFile; fileRef = A1F409781E55A4940059B4F6 /* AppDelegate.swift */; };
		A1F4097B1E55A4940059B4F6 /* ViewController.swift in Sources */ = {isa = PBXBuildFile; fileRef = A1F4097A1E55A4940059B4F6 /* ViewController.swift */; };
		A1F409801E55A4940059B4F6 /* Assets.xcassets in Resources */ = {isa = PBXBuildFile; fileRef = A1F4097F1E55A4940059B4F6 /* Assets.xcassets */; };
		A1F409831E55A4940059B4F6 /* LaunchScreen.storyboard in Resources */ = {isa = PBXBuildFile; fileRef = A1F409811E55A4940059B4F6 /* LaunchScreen.storyboard */; };
		A1F4098D1E55AEEA0059B4F6 /* ResultViewController.swift in Sources */ = {isa = PBXBuildFile; fileRef = A1F4098C1E55AEEA0059B4F6 /* ResultViewController.swift */; };
		A1F409901E585C090059B4F6 /* Main.storyboard in Resources */ = {isa = PBXBuildFile; fileRef = A1F4098E1E585C090059B4F6 /* Main.storyboard */; };
/* End PBXBuildFile section */

/* Begin PBXContainerItemProxy section */
		A1B9345C1E6B6D8C00A1AE8C /* PBXContainerItemProxy */ = {
			isa = PBXContainerItemProxy;
			containerPortal = A1B934551E6B6D8B00A1AE8C /* Pods.xcodeproj */;
			proxyType = 2;
			remoteGlobalIDString = 13C47A7D9E232188D8B44975D9970D3D;
			remoteInfo = FrameAccessor;
		};
		A1B9345E1E6B6D8C00A1AE8C /* PBXContainerItemProxy */ = {
			isa = PBXContainerItemProxy;
			containerPortal = A1B934551E6B6D8B00A1AE8C /* Pods.xcodeproj */;
			proxyType = 2;
			remoteGlobalIDString = AD612EEAB740B94C9D652446AC229F67;
			remoteInfo = GraphKit;
		};
		A1B934601E6B6D8C00A1AE8C /* PBXContainerItemProxy */ = {
			isa = PBXContainerItemProxy;
			containerPortal = A1B934551E6B6D8B00A1AE8C /* Pods.xcodeproj */;
			proxyType = 2;
			remoteGlobalIDString = FE392ED6FDCBB1CF978CF2C771CCB73A;
			remoteInfo = MKFoundationKit;
		};
		A1B934621E6B6D8C00A1AE8C /* PBXContainerItemProxy */ = {
			isa = PBXContainerItemProxy;
			containerPortal = A1B934551E6B6D8B00A1AE8C /* Pods.xcodeproj */;
			proxyType = 2;
			remoteGlobalIDString = 9E1D0F51A4B897C31B3273C97CCBFA60;
			remoteInfo = "Pods-Labb1Swift";
		};
/* End PBXContainerItemProxy section */

/* Begin PBXFileReference section */
		1AE495C4723A85BA6A774B7E /* Pods-Labb1Swift.debug.xcconfig */ = {isa = PBXFileReference; includeInIndex = 1; lastKnownFileType = text.xcconfig; name = "Pods-Labb1Swift.debug.xcconfig"; path = "Pods/Target Support Files/Pods-Labb1Swift/Pods-Labb1Swift.debug.xcconfig"; sourceTree = "<group>"; };
		2860BD02BBBFEF9E69C1BF5C /* Pods-Labb1Swift.release.xcconfig */ = {isa = PBXFileReference; includeInIndex = 1; lastKnownFileType = text.xcconfig; name = "Pods-Labb1Swift.release.xcconfig"; path = "Pods/Target Support Files/Pods-Labb1Swift/Pods-Labb1Swift.release.xcconfig"; sourceTree = "<group>"; };
		962BFDDF6D0609BA1F0C7178 /* Pods_Labb1Swift.framework */ = {isa = PBXFileReference; explicitFileType = wrapper.framework; includeInIndex = 0; path = Pods_Labb1Swift.framework; sourceTree = BUILT_PRODUCTS_DIR; };
		A117FAD81E5B376D00FC31B5 /* ResultTableController.swift */ = {isa = PBXFileReference; fileEncoding = 4; lastKnownFileType = sourcecode.swift; path = ResultTableController.swift; sourceTree = "<group>"; };
		A13B56831E6C2B5D00974644 /* PhotoViewController.swift */ = {isa = PBXFileReference; fileEncoding = 4; lastKnownFileType = sourcecode.swift; path = PhotoViewController.swift; sourceTree = "<group>"; };
		A162B50F1E69797D00BA5973 /* CompareViewController.swift */ = {isa = PBXFileReference; fileEncoding = 4; lastKnownFileType = sourcecode.swift; path = CompareViewController.swift; sourceTree = "<group>"; };
		A162B5131E697D5000BA5973 /* JSONHelper.swift */ = {isa = PBXFileReference; fileEncoding = 4; lastKnownFileType = sourcecode.swift; path = JSONHelper.swift; sourceTree = "<group>"; };
		A16FDF1B1E6B790C00CFCAB2 /* FoodFull.swift */ = {isa = PBXFileReference; fileEncoding = 4; lastKnownFileType = sourcecode.swift; path = FoodFull.swift; sourceTree = "<group>"; };
		A16FDF211E6B7CE400CFCAB2 /* GraphFoodFormatter.swift */ = {isa = PBXFileReference; fileEncoding = 4; lastKnownFileType = sourcecode.swift; name = GraphFoodFormatter.swift; path = ../GraphFoodFormatter.swift; sourceTree = "<group>"; };
		A1B934551E6B6D8B00A1AE8C /* Pods.xcodeproj */ = {isa = PBXFileReference; lastKnownFileType = "wrapper.pb-project"; name = Pods.xcodeproj; path = Pods/Pods.xcodeproj; sourceTree = "<group>"; };
		A1F23A121E65AB96000DEB3F /* FavouritesTableViewController.swift */ = {isa = PBXFileReference; fileEncoding = 4; lastKnownFileType = sourcecode.swift; path = FavouritesTableViewController.swift; sourceTree = "<group>"; };
		A1F3C2611E5C4F3200225F63 /* Food.swift */ = {isa = PBXFileReference; fileEncoding = 4; lastKnownFileType = sourcecode.swift; path = Food.swift; sourceTree = "<group>"; };
		A1F3C2631E5C7BE400225F63 /* FoodTableViewCell.swift */ = {isa = PBXFileReference; fileEncoding = 4; lastKnownFileType = sourcecode.swift; path = FoodTableViewCell.swift; sourceTree = "<group>"; };
		A1F409751E55A4940059B4F6 /* Labb1Swift.app */ = {isa = PBXFileReference; explicitFileType = wrapper.application; includeInIndex = 0; path = Labb1Swift.app; sourceTree = BUILT_PRODUCTS_DIR; };
		A1F409781E55A4940059B4F6 /* AppDelegate.swift */ = {isa = PBXFileReference; lastKnownFileType = sourcecode.swift; path = AppDelegate.swift; sourceTree = "<group>"; };
		A1F4097A1E55A4940059B4F6 /* ViewController.swift */ = {isa = PBXFileReference; lastKnownFileType = sourcecode.swift; path = ViewController.swift; sourceTree = "<group>"; };
		A1F4097F1E55A4940059B4F6 /* Assets.xcassets */ = {isa = PBXFileReference; lastKnownFileType = folder.assetcatalog; path = Assets.xcassets; sourceTree = "<group>"; };
		A1F409821E55A4940059B4F6 /* Base */ = {isa = PBXFileReference; lastKnownFileType = file.storyboard; name = Base; path = Base.lproj/LaunchScreen.storyboard; sourceTree = "<group>"; };
		A1F409841E55A4940059B4F6 /* Info.plist */ = {isa = PBXFileReference; lastKnownFileType = text.plist.xml; path = Info.plist; sourceTree = "<group>"; };
		A1F4098C1E55AEEA0059B4F6 /* ResultViewController.swift */ = {isa = PBXFileReference; fileEncoding = 4; lastKnownFileType = sourcecode.swift; name = ResultViewController.swift; path = ../ResultViewController.swift; sourceTree = "<group>"; };
		A1F4098F1E585C090059B4F6 /* Base */ = {isa = PBXFileReference; lastKnownFileType = file.storyboard; name = Base; path = Base.lproj/Main.storyboard; sourceTree = "<group>"; };
/* End PBXFileReference section */

/* Begin PBXFrameworksBuildPhase section */
		A1F409721E55A4930059B4F6 /* Frameworks */ = {
			isa = PBXFrameworksBuildPhase;
			buildActionMask = 2147483647;
			files = (
				1D913F55BEB4CF23A9FEC6A4 /* Pods_Labb1Swift.framework in Frameworks */,
			);
			runOnlyForDeploymentPostprocessing = 0;
		};
/* End PBXFrameworksBuildPhase section */

/* Begin PBXGroup section */
		0455D15F35D0A798B7AD6BCE /* Frameworks */ = {
			isa = PBXGroup;
			children = (
				962BFDDF6D0609BA1F0C7178 /* Pods_Labb1Swift.framework */,
			);
			name = Frameworks;
			sourceTree = "<group>";
		};
		A13B567D1E6C29C900974644 /* CompareView */ = {
			isa = PBXGroup;
			children = (
				A162B50F1E69797D00BA5973 /* CompareViewController.swift */,
				A16FDF211E6B7CE400CFCAB2 /* GraphFoodFormatter.swift */,
				A16FDF1B1E6B790C00CFCAB2 /* FoodFull.swift */,
			);
			name = CompareView;
			sourceTree = "<group>";
		};
		A13B56821E6C29F100974644 /* ResultTableView */ = {
			isa = PBXGroup;
			children = (
				A117FAD81E5B376D00FC31B5 /* ResultTableController.swift */,
				A1F3C2611E5C4F3200225F63 /* Food.swift */,
				A1F3C2631E5C7BE400225F63 /* FoodTableViewCell.swift */,
			);
			name = ResultTableView;
			sourceTree = "<group>";
		};
		A1B934561E6B6D8B00A1AE8C /* Products */ = {
			isa = PBXGroup;
			children = (
				A1B9345D1E6B6D8C00A1AE8C /* FrameAccessor.framework */,
				A1B9345F1E6B6D8C00A1AE8C /* GraphKit.framework */,
				A1B934611E6B6D8C00A1AE8C /* MKFoundationKit.framework */,
				A1B934631E6B6D8C00A1AE8C /* Pods_Labb1Swift.framework */,
			);
			name = Products;
			sourceTree = "<group>";
		};
		A1F4096C1E55A4930059B4F6 = {
			isa = PBXGroup;
			children = (
				A1F409771E55A4940059B4F6 /* Labb1Swift */,
				A1B934551E6B6D8B00A1AE8C /* Pods.xcodeproj */,
				A1F409761E55A4940059B4F6 /* Products */,
				E0DBDF97EAD911A00A39F92E /* Pods */,
				0455D15F35D0A798B7AD6BCE /* Frameworks */,
			);
			sourceTree = "<group>";
		};
		A1F409761E55A4940059B4F6 /* Products */ = {
			isa = PBXGroup;
			children = (
				A1F409751E55A4940059B4F6 /* Labb1Swift.app */,
			);
			name = Products;
			sourceTree = "<group>";
		};
		A1F409771E55A4940059B4F6 /* Labb1Swift */ = {
			isa = PBXGroup;
			children = (
				A1F409781E55A4940059B4F6 /* AppDelegate.swift */,
				A1F4097A1E55A4940059B4F6 /* ViewController.swift */,
				A1F4098C1E55AEEA0059B4F6 /* ResultViewController.swift */,
				A1F4098E1E585C090059B4F6 /* Main.storyboard */,
				A1F4097F1E55A4940059B4F6 /* Assets.xcassets */,
				A1F409811E55A4940059B4F6 /* LaunchScreen.storyboard */,
				A1F409841E55A4940059B4F6 /* Info.plist */,
				A13B56821E6C29F100974644 /* ResultTableView */,
				A1F23A121E65AB96000DEB3F /* FavouritesTableViewController.swift */,
				A162B5131E697D5000BA5973 /* JSONHelper.swift */,
				A13B567D1E6C29C900974644 /* CompareView */,
				A13B56831E6C2B5D00974644 /* PhotoViewController.swift */,
			);
			path = Labb1Swift;
			sourceTree = "<group>";
		};
		E0DBDF97EAD911A00A39F92E /* Pods */ = {
			isa = PBXGroup;
			children = (
				1AE495C4723A85BA6A774B7E /* Pods-Labb1Swift.debug.xcconfig */,
				2860BD02BBBFEF9E69C1BF5C /* Pods-Labb1Swift.release.xcconfig */,
			);
			name = Pods;
			sourceTree = "<group>";
		};
/* End PBXGroup section */

/* Begin PBXNativeTarget section */
		A1F409741E55A4930059B4F6 /* Labb1Swift */ = {
			isa = PBXNativeTarget;
			buildConfigurationList = A1F409871E55A4940059B4F6 /* Build configuration list for PBXNativeTarget "Labb1Swift" */;
			buildPhases = (
				3389105F8CC7B7843FF2035F /* [CP] Check Pods Manifest.lock */,
				A1F409711E55A4930059B4F6 /* Sources */,
				A1F409721E55A4930059B4F6 /* Frameworks */,
				A1F409731E55A4930059B4F6 /* Resources */,
				CA4BBF42372C21BC811E0E84 /* [CP] Embed Pods Frameworks */,
				E94145BEDBF74C6519074243 /* [CP] Copy Pods Resources */,
			);
			buildRules = (
			);
			dependencies = (
			);
			name = Labb1Swift;
			productName = Labb1Swift;
			productReference = A1F409751E55A4940059B4F6 /* Labb1Swift.app */;
			productType = "com.apple.product-type.application";
		};
/* End PBXNativeTarget section */

/* Begin PBXProject section */
		A1F4096D1E55A4930059B4F6 /* Project object */ = {
			isa = PBXProject;
			attributes = {
				LastSwiftUpdateCheck = 0820;
				LastUpgradeCheck = 0820;
				ORGANIZATIONNAME = "Wilhelm Fors";
				TargetAttributes = {
					A1F409741E55A4930059B4F6 = {
						CreatedOnToolsVersion = 8.2.1;
						LastSwiftMigration = 0820;
						ProvisioningStyle = Automatic;
					};
				};
			};
			buildConfigurationList = A1F409701E55A4930059B4F6 /* Build configuration list for PBXProject "Labb1Swift" */;
			compatibilityVersion = "Xcode 3.2";
			developmentRegion = English;
			hasScannedForEncodings = 0;
			knownRegions = (
				en,
				Base,
			);
			mainGroup = A1F4096C1E55A4930059B4F6;
			productRefGroup = A1F409761E55A4940059B4F6 /* Products */;
			projectDirPath = "";
			projectReferences = (
				{
					ProductGroup = A1B934561E6B6D8B00A1AE8C /* Products */;
					ProjectRef = A1B934551E6B6D8B00A1AE8C /* Pods.xcodeproj */;
				},
			);
			projectRoot = "";
			targets = (
				A1F409741E55A4930059B4F6 /* Labb1Swift */,
			);
		};
/* End PBXProject section */

/* Begin PBXReferenceProxy section */
		A1B9345D1E6B6D8C00A1AE8C /* FrameAccessor.framework */ = {
			isa = PBXReferenceProxy;
			fileType = wrapper.framework;
			path = FrameAccessor.framework;
			remoteRef = A1B9345C1E6B6D8C00A1AE8C /* PBXContainerItemProxy */;
			sourceTree = BUILT_PRODUCTS_DIR;
		};
		A1B9345F1E6B6D8C00A1AE8C /* GraphKit.framework */ = {
			isa = PBXReferenceProxy;
			fileType = wrapper.framework;
			path = GraphKit.framework;
			remoteRef = A1B9345E1E6B6D8C00A1AE8C /* PBXContainerItemProxy */;
			sourceTree = BUILT_PRODUCTS_DIR;
		};
		A1B934611E6B6D8C00A1AE8C /* MKFoundationKit.framework */ = {
			isa = PBXReferenceProxy;
			fileType = wrapper.framework;
			path = MKFoundationKit.framework;
			remoteRef = A1B934601E6B6D8C00A1AE8C /* PBXContainerItemProxy */;
			sourceTree = BUILT_PRODUCTS_DIR;
		};
		A1B934631E6B6D8C00A1AE8C /* Pods_Labb1Swift.framework */ = {
			isa = PBXReferenceProxy;
			fileType = wrapper.framework;
			path = Pods_Labb1Swift.framework;
			remoteRef = A1B934621E6B6D8C00A1AE8C /* PBXContainerItemProxy */;
			sourceTree = BUILT_PRODUCTS_DIR;
		};
/* End PBXReferenceProxy section */

/* Begin PBXResourcesBuildPhase section */
		A1F409731E55A4930059B4F6 /* Resources */ = {
			isa = PBXResourcesBuildPhase;
			buildActionMask = 2147483647;
			files = (
				A1F409901E585C090059B4F6 /* Main.storyboard in Resources */,
				A1F409831E55A4940059B4F6 /* LaunchScreen.storyboard in Resources */,
				A1F409801E55A4940059B4F6 /* Assets.xcassets in Resources */,
			);
			runOnlyForDeploymentPostprocessing = 0;
		};
/* End PBXResourcesBuildPhase section */

/* Begin PBXShellScriptBuildPhase section */
		3389105F8CC7B7843FF2035F /* [CP] Check Pods Manifest.lock */ = {
			isa = PBXShellScriptBuildPhase;
			buildActionMask = 2147483647;
			files = (
			);
			inputPaths = (
			);
			name = "[CP] Check Pods Manifest.lock";
			outputPaths = (
			);
			runOnlyForDeploymentPostprocessing = 0;
			shellPath = /bin/sh;
			shellScript = "diff \"${PODS_ROOT}/../Podfile.lock\" \"${PODS_ROOT}/Manifest.lock\" > /dev/null\nif [ $? != 0 ] ; then\n    # print error to STDERR\n    echo \"error: The sandbox is not in sync with the Podfile.lock. Run 'pod install' or update your CocoaPods installation.\" >&2\n    exit 1\nfi\n";
			showEnvVarsInLog = 0;
		};
		CA4BBF42372C21BC811E0E84 /* [CP] Embed Pods Frameworks */ = {
			isa = PBXShellScriptBuildPhase;
			buildActionMask = 2147483647;
			files = (
			);
			inputPaths = (
			);
			name = "[CP] Embed Pods Frameworks";
			outputPaths = (
			);
			runOnlyForDeploymentPostprocessing = 0;
			shellPath = /bin/sh;
			shellScript = "\"${SRCROOT}/Pods/Target Support Files/Pods-Labb1Swift/Pods-Labb1Swift-frameworks.sh\"\n";
			showEnvVarsInLog = 0;
		};
		E94145BEDBF74C6519074243 /* [CP] Copy Pods Resources */ = {
			isa = PBXShellScriptBuildPhase;
			buildActionMask = 2147483647;
			files = (
			);
			inputPaths = (
			);
			name = "[CP] Copy Pods Resources";
			outputPaths = (
			);
			runOnlyForDeploymentPostprocessing = 0;
			shellPath = /bin/sh;
			shellScript = "\"${SRCROOT}/Pods/Target Support Files/Pods-Labb1Swift/Pods-Labb1Swift-resources.sh\"\n";
			showEnvVarsInLog = 0;
		};
/* End PBXShellScriptBuildPhase section */

/* Begin PBXSourcesBuildPhase section */
		A1F409711E55A4930059B4F6 /* Sources */ = {
			isa = PBXSourcesBuildPhase;
			buildActionMask = 2147483647;
			files = (
				A1F4097B1E55A4940059B4F6 /* ViewController.swift in Sources */,
				A117FAD91E5B376D00FC31B5 /* ResultTableController.swift in Sources */,
				A16FDF221E6B7CE400CFCAB2 /* GraphFoodFormatter.swift in Sources */,
				A1F3C2621E5C4F3200225F63 /* Food.swift in Sources */,
				A162B5141E697D5000BA5973 /* JSONHelper.swift in Sources */,
				A13B56841E6C2B5D00974644 /* PhotoViewController.swift in Sources */,
				A16FDF1C1E6B790C00CFCAB2 /* FoodFull.swift in Sources */,
				A1F409791E55A4940059B4F6 /* AppDelegate.swift in Sources */,
				A162B5101E69797D00BA5973 /* CompareViewController.swift in Sources */,
				A1F4098D1E55AEEA0059B4F6 /* ResultViewController.swift in Sources */,
				A1F3C2641E5C7BE400225F63 /* FoodTableViewCell.swift in Sources */,
				A1F23A131E65AB96000DEB3F /* FavouritesTableViewController.swift in Sources */,
			);
			runOnlyForDeploymentPostprocessing = 0;
		};
/* End PBXSourcesBuildPhase section */

/* Begin PBXVariantGroup section */
		A1F409811E55A4940059B4F6 /* LaunchScreen.storyboard */ = {
			isa = PBXVariantGroup;
			children = (
				A1F409821E55A4940059B4F6 /* Base */,
			);
			name = LaunchScreen.storyboard;
			sourceTree = "<group>";
		};
		A1F4098E1E585C090059B4F6 /* Main.storyboard */ = {
			isa = PBXVariantGroup;
			children = (
				A1F4098F1E585C090059B4F6 /* Base */,
			);
			name = Main.storyboard;
			sourceTree = "<group>";
		};
/* End PBXVariantGroup section */

/* Begin XCBuildConfiguration section */
		A1F409851E55A4940059B4F6 /* Debug */ = {
			isa = XCBuildConfiguration;
			buildSettings = {
				ALWAYS_SEARCH_USER_PATHS = NO;
				CLANG_ANALYZER_NONNULL = YES;
				CLANG_CXX_LANGUAGE_STANDARD = "gnu++0x";
				CLANG_CXX_LIBRARY = "libc++";
				CLANG_ENABLE_MODULES = YES;
				CLANG_ENABLE_OBJC_ARC = YES;
				CLANG_WARN_BOOL_CONVERSION = YES;
				CLANG_WARN_CONSTANT_CONVERSION = YES;
				CLANG_WARN_DIRECT_OBJC_ISA_USAGE = YES_ERROR;
				CLANG_WARN_DOCUMENTATION_COMMENTS = YES;
				CLANG_WARN_EMPTY_BODY = YES;
				CLANG_WARN_ENUM_CONVERSION = YES;
				CLANG_WARN_INFINITE_RECURSION = YES;
				CLANG_WARN_INT_CONVERSION = YES;
				CLANG_WARN_OBJC_ROOT_CLASS = YES_ERROR;
				CLANG_WARN_SUSPICIOUS_MOVE = YES;
				CLANG_WARN_UNREACHABLE_CODE = YES;
				CLANG_WARN__DUPLICATE_METHOD_MATCH = YES;
				"CODE_SIGN_IDENTITY[sdk=iphoneos*]" = "iPhone Developer";
				COPY_PHASE_STRIP = NO;
				DEBUG_INFORMATION_FORMAT = dwarf;
				ENABLE_STRICT_OBJC_MSGSEND = YES;
				ENABLE_TESTABILITY = YES;
				GCC_C_LANGUAGE_STANDARD = gnu99;
				GCC_DYNAMIC_NO_PIC = NO;
				GCC_NO_COMMON_BLOCKS = YES;
				GCC_OPTIMIZATION_LEVEL = 0;
				GCC_PREPROCESSOR_DEFINITIONS = (
					"DEBUG=1",
					"$(inherited)",
				);
				GCC_WARN_64_TO_32_BIT_CONVERSION = YES;
				GCC_WARN_ABOUT_RETURN_TYPE = YES_ERROR;
				GCC_WARN_UNDECLARED_SELECTOR = YES;
				GCC_WARN_UNINITIALIZED_AUTOS = YES_AGGRESSIVE;
				GCC_WARN_UNUSED_FUNCTION = YES;
				GCC_WARN_UNUSED_VARIABLE = YES;
				IPHONEOS_DEPLOYMENT_TARGET = 10.2;
				MTL_ENABLE_DEBUG_INFO = YES;
				ONLY_ACTIVE_ARCH = YES;
				SDKROOT = iphoneos;
				SWIFT_ACTIVE_COMPILATION_CONDITIONS = DEBUG;
				SWIFT_OPTIMIZATION_LEVEL = "-Onone";
			};
			name = Debug;
		};
		A1F409861E55A4940059B4F6 /* Release */ = {
			isa = XCBuildConfiguration;
			buildSettings = {
				ALWAYS_SEARCH_USER_PATHS = NO;
				CLANG_ANALYZER_NONNULL = YES;
				CLANG_CXX_LANGUAGE_STANDARD = "gnu++0x";
				CLANG_CXX_LIBRARY = "libc++";
				CLANG_ENABLE_MODULES = YES;
				CLANG_ENABLE_OBJC_ARC = YES;
				CLANG_WARN_BOOL_CONVERSION = YES;
				CLANG_WARN_CONSTANT_CONVERSION = YES;
				CLANG_WARN_DIRECT_OBJC_ISA_USAGE = YES_ERROR;
				CLANG_WARN_DOCUMENTATION_COMMENTS = YES;
				CLANG_WARN_EMPTY_BODY = YES;
				CLANG_WARN_ENUM_CONVERSION = YES;
				CLANG_WARN_INFINITE_RECURSION = YES;
				CLANG_WARN_INT_CONVERSION = YES;
				CLANG_WARN_OBJC_ROOT_CLASS = YES_ERROR;
				CLANG_WARN_SUSPICIOUS_MOVE = YES;
				CLANG_WARN_UNREACHABLE_CODE = YES;
				CLANG_WARN__DUPLICATE_METHOD_MATCH = YES;
				"CODE_SIGN_IDENTITY[sdk=iphoneos*]" = "iPhone Developer";
				COPY_PHASE_STRIP = NO;
				DEBUG_INFORMATION_FORMAT = "dwarf-with-dsym";
				ENABLE_NS_ASSERTIONS = NO;
				ENABLE_STRICT_OBJC_MSGSEND = YES;
				GCC_C_LANGUAGE_STANDARD = gnu99;
				GCC_NO_COMMON_BLOCKS = YES;
				GCC_WARN_64_TO_32_BIT_CONVERSION = YES;
				GCC_WARN_ABOUT_RETURN_TYPE = YES_ERROR;
				GCC_WARN_UNDECLARED_SELECTOR = YES;
				GCC_WARN_UNINITIALIZED_AUTOS = YES_AGGRESSIVE;
				GCC_WARN_UNUSED_FUNCTION = YES;
				GCC_WARN_UNUSED_VARIABLE = YES;
				IPHONEOS_DEPLOYMENT_TARGET = 10.2;
				MTL_ENABLE_DEBUG_INFO = NO;
				SDKROOT = iphoneos;
				SWIFT_OPTIMIZATION_LEVEL = "-Owholemodule";
				VALIDATE_PRODUCT = YES;
			};
			name = Release;
		};
		A1F409881E55A4940059B4F6 /* Debug */ = {
			isa = XCBuildConfiguration;
			baseConfigurationReference = 1AE495C4723A85BA6A774B7E /* Pods-Labb1Swift.debug.xcconfig */;
			buildSettings = {
				ASSETCATALOG_COMPILER_APPICON_NAME = AppIcon;
				CLANG_ENABLE_MODULES = YES;
				INFOPLIST_FILE = Labb1Swift/Info.plist;
				IPHONEOS_DEPLOYMENT_TARGET = 8.4;
				LD_RUNPATH_SEARCH_PATHS = "$(inherited) @executable_path/Frameworks";
				PRODUCT_BUNDLE_IDENTIFIER = WF.Labb1Swift;
				PRODUCT_NAME = "$(TARGET_NAME)";
				SWIFT_OBJC_BRIDGING_HEADER = "";
				SWIFT_OPTIMIZATION_LEVEL = "-Onone";
				SWIFT_VERSION = 3.0;
			};
			name = Debug;
		};
		A1F409891E55A4940059B4F6 /* Release */ = {
			isa = XCBuildConfiguration;
			baseConfigurationReference = 2860BD02BBBFEF9E69C1BF5C /* Pods-Labb1Swift.release.xcconfig */;
			buildSettings = {
				ASSETCATALOG_COMPILER_APPICON_NAME = AppIcon;
				CLANG_ENABLE_MODULES = YES;
				INFOPLIST_FILE = Labb1Swift/Info.plist;
				IPHONEOS_DEPLOYMENT_TARGET = 8.4;
				LD_RUNPATH_SEARCH_PATHS = "$(inherited) @executable_path/Frameworks";
				PRODUCT_BUNDLE_IDENTIFIER = WF.Labb1Swift;
				PRODUCT_NAME = "$(TARGET_NAME)";
				SWIFT_OBJC_BRIDGING_HEADER = "";
				SWIFT_VERSION = 3.0;
			};
			name = Release;
		};
/* End XCBuildConfiguration section */

/* Begin XCConfigurationList section */
		A1F409701E55A4930059B4F6 /* Build configuration list for PBXProject "Labb1Swift" */ = {
			isa = XCConfigurationList;
			buildConfigurations = (
				A1F409851E55A4940059B4F6 /* Debug */,
				A1F409861E55A4940059B4F6 /* Release */,
			);
			defaultConfigurationIsVisible = 0;
			defaultConfigurationName = Release;
		};
		A1F409871E55A4940059B4F6 /* Build configuration list for PBXNativeTarget "Labb1Swift" */ = {
			isa = XCConfigurationList;
			buildConfigurations = (
				A1F409881E55A4940059B4F6 /* Debug */,
				A1F409891E55A4940059B4F6 /* Release */,
			);
			defaultConfigurationIsVisible = 0;
			defaultConfigurationName = Release;
		};
/* End XCConfigurationList section */
	};
	rootObject = A1F4096D1E55A4930059B4F6 /* Project object */;
}
