// !$*UTF8*$!
{
	archiveVersion = 1;
	classes = {
	};
	objectVersion = 46;
	objects = {

/* Begin PBXBuildFile section */
		A117FAD91E5B376D00FC31B5 /* ResultTableController.swift in Sources */ = {isa = PBXBuildFile; fileRef = A117FAD81E5B376D00FC31B5 /* ResultTableController.swift */; };
		A1F23A131E65AB96000DEB3F /* FavouritesTableViewController.swift in Sources */ = {isa = PBXBuildFile; fileRef = A1F23A121E65AB96000DEB3F /* FavouritesTableViewController.swift */; };
		A1F2E5E91E682D80007E7806 /* SWRevealViewController.m in Sources */ = {isa = PBXBuildFile; fileRef = A1F2E5E81E682D80007E7806 /* SWRevealViewController.m */; };
		A1F3C2621E5C4F3200225F63 /* Food.swift in Sources */ = {isa = PBXBuildFile; fileRef = A1F3C2611E5C4F3200225F63 /* Food.swift */; };
		A1F3C2641E5C7BE400225F63 /* FoodTableViewCell.swift in Sources */ = {isa = PBXBuildFile; fileRef = A1F3C2631E5C7BE400225F63 /* FoodTableViewCell.swift */; };
		A1F409791E55A4940059B4F6 /* AppDelegate.swift in Sources */ = {isa = PBXBuildFile; fileRef = A1F409781E55A4940059B4F6 /* AppDelegate.swift */; };
		A1F4097B1E55A4940059B4F6 /* ViewController.swift in Sources */ = {isa = PBXBuildFile; fileRef = A1F4097A1E55A4940059B4F6 /* ViewController.swift */; };
		A1F409801E55A4940059B4F6 /* Assets.xcassets in Resources */ = {isa = PBXBuildFile; fileRef = A1F4097F1E55A4940059B4F6 /* Assets.xcassets */; };
		A1F409831E55A4940059B4F6 /* LaunchScreen.storyboard in Resources */ = {isa = PBXBuildFile; fileRef = A1F409811E55A4940059B4F6 /* LaunchScreen.storyboard */; };
		A1F4098D1E55AEEA0059B4F6 /* ResultViewController.swift in Sources */ = {isa = PBXBuildFile; fileRef = A1F4098C1E55AEEA0059B4F6 /* ResultViewController.swift */; };
		A1F409901E585C090059B4F6 /* Main.storyboard in Resources */ = {isa = PBXBuildFile; fileRef = A1F4098E1E585C090059B4F6 /* Main.storyboard */; };
/* End PBXBuildFile section */

/* Begin PBXFileReference section */
		A117FAD81E5B376D00FC31B5 /* ResultTableController.swift */ = {isa = PBXFileReference; fileEncoding = 4; lastKnownFileType = sourcecode.swift; path = ResultTableController.swift; sourceTree = "<group>"; };
		A1F23A121E65AB96000DEB3F /* FavouritesTableViewController.swift */ = {isa = PBXFileReference; fileEncoding = 4; lastKnownFileType = sourcecode.swift; path = FavouritesTableViewController.swift; sourceTree = "<group>"; };
		A1F2E5E61E682D80007E7806 /* Labb1Swift-Bridging-Header.h */ = {isa = PBXFileReference; lastKnownFileType = sourcecode.c.h; path = "Labb1Swift-Bridging-Header.h"; sourceTree = "<group>"; };
		A1F2E5E71E682D80007E7806 /* SWRevealViewController.h */ = {isa = PBXFileReference; fileEncoding = 4; lastKnownFileType = sourcecode.c.h; path = SWRevealViewController.h; sourceTree = "<group>"; };
		A1F2E5E81E682D80007E7806 /* SWRevealViewController.m */ = {isa = PBXFileReference; fileEncoding = 4; lastKnownFileType = sourcecode.c.objc; path = SWRevealViewController.m; sourceTree = "<group>"; };
		A1F3C2611E5C4F3200225F63 /* Food.swift */ = {isa = PBXFileReference; fileEncoding = 4; lastKnownFileType = sourcecode.swift; path = Food.swift; sourceTree = "<group>"; };
		A1F3C2631E5C7BE400225F63 /* FoodTableViewCell.swift */ = {isa = PBXFileReference; fileEncoding = 4; lastKnownFileType = sourcecode.swift; path = FoodTableViewCell.swift; sourceTree = "<group>"; };
		A1F409751E55A4940059B4F6 /* Labb1Swift.app */ = {isa = PBXFileReference; explicitFileType = wrapper.application; includeInIndex = 0; path = Labb1Swift.app; sourceTree = BUILT_PRODUCTS_DIR; };
		A1F409781E55A4940059B4F6 /* AppDelegate.swift */ = {isa = PBXFileReference; lastKnownFileType = sourcecode.swift; path = AppDelegate.swift; sourceTree = "<group>"; };
		A1F4097A1E55A4940059B4F6 /* ViewController.swift */ = {isa = PBXFileReference; lastKnownFileType = sourcecode.swift; path = ViewController.swift; sourceTree = "<group>"; };
		A1F4097F1E55A4940059B4F6 /* Assets.xcassets */ = {isa = PBXFileReference; lastKnownFileType = folder.assetcatalog; path = Assets.xcassets; sourceTree = "<group>"; };
		A1F409821E55A4940059B4F6 /* Base */ = {isa = PBXFileReference; lastKnownFileType = file.storyboard; name = Base; path = Base.lproj/LaunchScreen.storyboard; sourceTree = "<group>"; };
		A1F409841E55A4940059B4F6 /* Info.plist */ = {isa = PBXFileReference; lastKnownFileType = text.plist.xml; path = Info.plist; sourceTree = "<group>"; };
		A1F4098C1E55AEEA0059B4F6 /* ResultViewController.swift */ = {isa = PBXFileReference; fileEncoding = 4; lastKnownFileType = sourcecode.swift; name = ResultViewController.swift; path = ../ResultViewController.swift; sourceTree = "<group>"; };
		A1F4098F1E585C090059B4F6 /* Base */ = {isa = PBXFileReference; lastKnownFileType = file.storyboard; name = Base; path = Base.lproj/Main.storyboard; sourceTree = "<group>"; };
/* End PBXFileReference section */

/* Begin PBXFrameworksBuildPhase section */
		A1F409721E55A4930059B4F6 /* Frameworks */ = {
			isa = PBXFrameworksBuildPhase;
			buildActionMask = 2147483647;
			files = (
			);
			runOnlyForDeploymentPostprocessing = 0;
		};
/* End PBXFrameworksBuildPhase section */

/* Begin PBXGroup section */
		A1F2E5E51E682D08007E7806 /* SWRevealGroup */ = {
			isa = PBXGroup;
			children = (
				A1F2E5E71E682D80007E7806 /* SWRevealViewController.h */,
				A1F2E5E81E682D80007E7806 /* SWRevealViewController.m */,
				A1F2E5E61E682D80007E7806 /* Labb1Swift-Bridging-Header.h */,
			);
			name = SWRevealGroup;
			sourceTree = "<group>";
		};
		A1F4096C1E55A4930059B4F6 = {
			isa = PBXGroup;
			children = (
				A1F409771E55A4940059B4F6 /* Labb1Swift */,
				A1F409761E55A4940059B4F6 /* Products */,
			);
			sourceTree = "<group>";
		};
		A1F409761E55A4940059B4F6 /* Products */ = {
			isa = PBXGroup;
			children = (
				A1F409751E55A4940059B4F6 /* Labb1Swift.app */,
			);
			name = Products;
			sourceTree = "<group>";
		};
		A1F409771E55A4940059B4F6 /* Labb1Swift */ = {
			isa = PBXGroup;
			children = (
				A1F2E5E51E682D08007E7806 /* SWRevealGroup */,
				A1F409781E55A4940059B4F6 /* AppDelegate.swift */,
				A1F4097A1E55A4940059B4F6 /* ViewController.swift */,
				A1F4098C1E55AEEA0059B4F6 /* ResultViewController.swift */,
				A1F4098E1E585C090059B4F6 /* Main.storyboard */,
				A1F4097F1E55A4940059B4F6 /* Assets.xcassets */,
				A1F409811E55A4940059B4F6 /* LaunchScreen.storyboard */,
				A1F409841E55A4940059B4F6 /* Info.plist */,
				A117FAD81E5B376D00FC31B5 /* ResultTableController.swift */,
				A1F3C2611E5C4F3200225F63 /* Food.swift */,
				A1F3C2631E5C7BE400225F63 /* FoodTableViewCell.swift */,
				A1F23A121E65AB96000DEB3F /* FavouritesTableViewController.swift */,
			);
			path = Labb1Swift;
			sourceTree = "<group>";
		};
/* End PBXGroup section */

/* Begin PBXNativeTarget section */
		A1F409741E55A4930059B4F6 /* Labb1Swift */ = {
			isa = PBXNativeTarget;
			buildConfigurationList = A1F409871E55A4940059B4F6 /* Build configuration list for PBXNativeTarget "Labb1Swift" */;
			buildPhases = (
				A1F409711E55A4930059B4F6 /* Sources */,
				A1F409721E55A4930059B4F6 /* Frameworks */,
				A1F409731E55A4930059B4F6 /* Resources */,
			);
			buildRules = (
			);
			dependencies = (
			);
			name = Labb1Swift;
			productName = Labb1Swift;
			productReference = A1F409751E55A4940059B4F6 /* Labb1Swift.app */;
			productType = "com.apple.product-type.application";
		};
/* End PBXNativeTarget section */

/* Begin PBXProject section */
		A1F4096D1E55A4930059B4F6 /* Project object */ = {
			isa = PBXProject;
			attributes = {
				LastSwiftUpdateCheck = 0820;
				LastUpgradeCheck = 0820;
				ORGANIZATIONNAME = "Wilhelm Fors";
				TargetAttributes = {
					A1F409741E55A4930059B4F6 = {
						CreatedOnToolsVersion = 8.2.1;
						LastSwiftMigration = 0820;
						ProvisioningStyle = Automatic;
					};
				};
			};
			buildConfigurationList = A1F409701E55A4930059B4F6 /* Build configuration list for PBXProject "Labb1Swift" */;
			compatibilityVersion = "Xcode 3.2";
			developmentRegion = English;
			hasScannedForEncodings = 0;
			knownRegions = (
				en,
				Base,
			);
			mainGroup = A1F4096C1E55A4930059B4F6;
			productRefGroup = A1F409761E55A4940059B4F6 /* Products */;
			projectDirPath = "";
			projectRoot = "";
			targets = (
				A1F409741E55A4930059B4F6 /* Labb1Swift */,
			);
		};
/* End PBXProject section */

/* Begin PBXResourcesBuildPhase section */
		A1F409731E55A4930059B4F6 /* Resources */ = {
			isa = PBXResourcesBuildPhase;
			buildActionMask = 2147483647;
			files = (
				A1F409901E585C090059B4F6 /* Main.storyboard in Resources */,
				A1F409831E55A4940059B4F6 /* LaunchScreen.storyboard in Resources */,
				A1F409801E55A4940059B4F6 /* Assets.xcassets in Resources */,
			);
			runOnlyForDeploymentPostprocessing = 0;
		};
/* End PBXResourcesBuildPhase section */

/* Begin PBXSourcesBuildPhase section */
		A1F409711E55A4930059B4F6 /* Sources */ = {
			isa = PBXSourcesBuildPhase;
			buildActionMask = 2147483647;
			files = (
				A1F4097B1E55A4940059B4F6 /* ViewController.swift in Sources */,
				A117FAD91E5B376D00FC31B5 /* ResultTableController.swift in Sources */,
				A1F3C2621E5C4F3200225F63 /* Food.swift in Sources */,
				A1F2E5E91E682D80007E7806 /* SWRevealViewController.m in Sources */,
				A1F409791E55A4940059B4F6 /* AppDelegate.swift in Sources */,
				A1F4098D1E55AEEA0059B4F6 /* ResultViewController.swift in Sources */,
				A1F3C2641E5C7BE400225F63 /* FoodTableViewCell.swift in Sources */,
				A1F23A131E65AB96000DEB3F /* FavouritesTableViewController.swift in Sources */,
			);
			runOnlyForDeploymentPostprocessing = 0;
		};
/* End PBXSourcesBuildPhase section */

/* Begin PBXVariantGroup section */
		A1F409811E55A4940059B4F6 /* LaunchScreen.storyboard */ = {
			isa = PBXVariantGroup;
			children = (
				A1F409821E55A4940059B4F6 /* Base */,
			);
			name = LaunchScreen.storyboard;
			sourceTree = "<group>";
		};
		A1F4098E1E585C090059B4F6 /* Main.storyboard */ = {
			isa = PBXVariantGroup;
			children = (
				A1F4098F1E585C090059B4F6 /* Base */,
			);
			name = Main.storyboard;
			sourceTree = "<group>";
		};
/* End PBXVariantGroup section */

/* Begin XCBuildConfiguration section */
		A1F409851E55A4940059B4F6 /* Debug */ = {
			isa = XCBuildConfiguration;
			buildSettings = {
				ALWAYS_SEARCH_USER_PATHS = NO;
				CLANG_ANALYZER_NONNULL = YES;
				CLANG_CXX_LANGUAGE_STANDARD = "gnu++0x";
				CLANG_CXX_LIBRARY = "libc++";
				CLANG_ENABLE_MODULES = YES;
				CLANG_ENABLE_OBJC_ARC = YES;
				CLANG_WARN_BOOL_CONVERSION = YES;
				CLANG_WARN_CONSTANT_CONVERSION = YES;
				CLANG_WARN_DIRECT_OBJC_ISA_USAGE = YES_ERROR;
				CLANG_WARN_DOCUMENTATION_COMMENTS = YES;
				CLANG_WARN_EMPTY_BODY = YES;
				CLANG_WARN_ENUM_CONVERSION = YES;
				CLANG_WARN_INFINITE_RECURSION = YES;
				CLANG_WARN_INT_CONVERSION = YES;
				CLANG_WARN_OBJC_ROOT_CLASS = YES_ERROR;
				CLANG_WARN_SUSPICIOUS_MOVE = YES;
				CLANG_WARN_UNREACHABLE_CODE = YES;
				CLANG_WARN__DUPLICATE_METHOD_MATCH = YES;
				"CODE_SIGN_IDENTITY[sdk=iphoneos*]" = "iPhone Developer";
				COPY_PHASE_STRIP = NO;
				DEBUG_INFORMATION_FORMAT = dwarf;
				ENABLE_STRICT_OBJC_MSGSEND = YES;
				ENABLE_TESTABILITY = YES;
				GCC_C_LANGUAGE_STANDARD = gnu99;
				GCC_DYNAMIC_NO_PIC = NO;
				GCC_NO_COMMON_BLOCKS = YES;
				GCC_OPTIMIZATION_LEVEL = 0;
				GCC_PREPROCESSOR_DEFINITIONS = (
					"DEBUG=1",
					"$(inherited)",
				);
				GCC_WARN_64_TO_32_BIT_CONVERSION = YES;
				GCC_WARN_ABOUT_RETURN_TYPE = YES_ERROR;
				GCC_WARN_UNDECLARED_SELECTOR = YES;
				GCC_WARN_UNINITIALIZED_AUTOS = YES_AGGRESSIVE;
				GCC_WARN_UNUSED_FUNCTION = YES;
				GCC_WARN_UNUSED_VARIABLE = YES;
				IPHONEOS_DEPLOYMENT_TARGET = 10.2;
				MTL_ENABLE_DEBUG_INFO = YES;
				ONLY_ACTIVE_ARCH = YES;
				SDKROOT = iphoneos;
				SWIFT_ACTIVE_COMPILATION_CONDITIONS = DEBUG;
				SWIFT_OPTIMIZATION_LEVEL = "-Onone";
			};
			name = Debug;
		};
		A1F409861E55A4940059B4F6 /* Release */ = {
			isa = XCBuildConfiguration;
			buildSettings = {
				ALWAYS_SEARCH_USER_PATHS = NO;
				CLANG_ANALYZER_NONNULL = YES;
				CLANG_CXX_LANGUAGE_STANDARD = "gnu++0x";
				CLANG_CXX_LIBRARY = "libc++";
				CLANG_ENABLE_MODULES = YES;
				CLANG_ENABLE_OBJC_ARC = YES;
				CLANG_WARN_BOOL_CONVERSION = YES;
				CLANG_WARN_CONSTANT_CONVERSION = YES;
				CLANG_WARN_DIRECT_OBJC_ISA_USAGE = YES_ERROR;
				CLANG_WARN_DOCUMENTATION_COMMENTS = YES;
				CLANG_WARN_EMPTY_BODY = YES;
				CLANG_WARN_ENUM_CONVERSION = YES;
				CLANG_WARN_INFINITE_RECURSION = YES;
				CLANG_WARN_INT_CONVERSION = YES;
				CLANG_WARN_OBJC_ROOT_CLASS = YES_ERROR;
				CLANG_WARN_SUSPICIOUS_MOVE = YES;
				CLANG_WARN_UNREACHABLE_CODE = YES;
				CLANG_WARN__DUPLICATE_METHOD_MATCH = YES;
				"CODE_SIGN_IDENTITY[sdk=iphoneos*]" = "iPhone Developer";
				COPY_PHASE_STRIP = NO;
				DEBUG_INFORMATION_FORMAT = "dwarf-with-dsym";
				ENABLE_NS_ASSERTIONS = NO;
				ENABLE_STRICT_OBJC_MSGSEND = YES;
				GCC_C_LANGUAGE_STANDARD = gnu99;
				GCC_NO_COMMON_BLOCKS = YES;
				GCC_WARN_64_TO_32_BIT_CONVERSION = YES;
				GCC_WARN_ABOUT_RETURN_TYPE = YES_ERROR;
				GCC_WARN_UNDECLARED_SELECTOR = YES;
				GCC_WARN_UNINITIALIZED_AUTOS = YES_AGGRESSIVE;
				GCC_WARN_UNUSED_FUNCTION = YES;
				GCC_WARN_UNUSED_VARIABLE = YES;
				IPHONEOS_DEPLOYMENT_TARGET = 10.2;
				MTL_ENABLE_DEBUG_INFO = NO;
				SDKROOT = iphoneos;
				SWIFT_OPTIMIZATION_LEVEL = "-Owholemodule";
				VALIDATE_PRODUCT = YES;
			};
			name = Release;
		};
		A1F409881E55A4940059B4F6 /* Debug */ = {
			isa = XCBuildConfiguration;
			buildSettings = {
				ASSETCATALOG_COMPILER_APPICON_NAME = AppIcon;
				CLANG_ENABLE_MODULES = YES;
				INFOPLIST_FILE = Labb1Swift/Info.plist;
				IPHONEOS_DEPLOYMENT_TARGET = 8.4;
				LD_RUNPATH_SEARCH_PATHS = "$(inherited) @executable_path/Frameworks";
				PRODUCT_BUNDLE_IDENTIFIER = WF.Labb1Swift;
				PRODUCT_NAME = "$(TARGET_NAME)";
				SWIFT_OBJC_BRIDGING_HEADER = "Labb1Swift/Labb1Swift-Bridging-Header.h";
				SWIFT_OPTIMIZATION_LEVEL = "-Onone";
				SWIFT_VERSION = 3.0;
			};
			name = Debug;
		};
		A1F409891E55A4940059B4F6 /* Release */ = {
			isa = XCBuildConfiguration;
			buildSettings = {
				ASSETCATALOG_COMPILER_APPICON_NAME = AppIcon;
				CLANG_ENABLE_MODULES = YES;
				INFOPLIST_FILE = Labb1Swift/Info.plist;
				IPHONEOS_DEPLOYMENT_TARGET = 8.4;
				LD_RUNPATH_SEARCH_PATHS = "$(inherited) @executable_path/Frameworks";
				PRODUCT_BUNDLE_IDENTIFIER = WF.Labb1Swift;
				PRODUCT_NAME = "$(TARGET_NAME)";
				SWIFT_OBJC_BRIDGING_HEADER = "Labb1Swift/Labb1Swift-Bridging-Header.h";
				SWIFT_VERSION = 3.0;
			};
			name = Release;
		};
/* End XCBuildConfiguration section */

/* Begin XCConfigurationList section */
		A1F409701E55A4930059B4F6 /* Build configuration list for PBXProject "Labb1Swift" */ = {
			isa = XCConfigurationList;
			buildConfigurations = (
				A1F409851E55A4940059B4F6 /* Debug */,
				A1F409861E55A4940059B4F6 /* Release */,
			);
			defaultConfigurationIsVisible = 0;
			defaultConfigurationName = Release;
		};
		A1F409871E55A4940059B4F6 /* Build configuration list for PBXNativeTarget "Labb1Swift" */ = {
			isa = XCConfigurationList;
			buildConfigurations = (
				A1F409881E55A4940059B4F6 /* Debug */,
				A1F409891E55A4940059B4F6 /* Release */,
			);
			defaultConfigurationIsVisible = 0;
			defaultConfigurationName = Release;
		};
/* End XCConfigurationList section */
	};
	rootObject = A1F4096D1E55A4930059B4F6 /* Project object */;
}
